Microsoft Visual Studio Solution File, Format Version 12.00
# Visual Studio Version 17
VisualStudioVersion = 17.5.2.0
MinimumVisualStudioVersion = 10.0.40219.1
Project("{FAE04EC0-301F-11D3-BF4B-00C04F79EFBC}") = "WebHafta02.Web", "WebHafta02.Web.csproj", "{59A9A1D8-74BA-0A12-E736-5F8F11728B6C}"
EndProject
Global
	GlobalSection(SolutionConfigurationPlatforms) = preSolution
		Debug|Any CPU = Debug|Any CPU
		Release|Any CPU = Release|Any CPU
	EndGlobalSection
	GlobalSection(ProjectConfigurationPlatforms) = postSolution
		{59A9A1D8-74BA-0A12-E736-5F8F11728B6C}.Debug|Any CPU.ActiveCfg = Debug|Any CPU
		{59A9A1D8-74BA-0A12-E736-5F8F11728B6C}.Debug|Any CPU.Build.0 = Debug|Any CPU
		{59A9A1D8-74BA-0A12-E736-5F8F11728B6C}.Release|Any CPU.ActiveCfg = Release|Any CPU
		{59A9A1D8-74BA-0A12-E736-5F8F11728B6C}.Release|Any CPU.Build.0 = Release|Any CPU
	EndGlobalSection
	GlobalSection(SolutionProperties) = preSolution
		HideSolutionNode = FALSE
	EndGlobalSection
	GlobalSection(ExtensibilityGlobals) = postSolution
		SolutionGuid = {1455F953-07F0-416B-990A-5E4AF366AC5C}
	EndGlobalSection
EndGlobal
